
Microsoft Visual Studio Solution File, Format Version 12.00
# Visual Studio Version 17
VisualStudioVersion = 17.0.31903.59
MinimumVisualStudioVersion = 10.0.40219.1
Project("{FAE04EC0-301F-11D3-BF4B-00C04F79EFBC}") = "ProducerApp", "ProducerApp\ProducerApp.csproj", "{FAF3ED6C-01D3-4255-BD04-11EB023CD75F}"
EndProject
Project("{FAE04EC0-301F-11D3-BF4B-00C04F79EFBC}") = "ConsumerApp", "ConsumerApp\ConsumerApp.csproj", "{542268FC-6EB5-47BB-82DA-A2CEB360D405}"
EndProject
Global
	GlobalSection(SolutionConfigurationPlatforms) = preSolution
		Debug|Any CPU = Debug|Any CPU
		Release|Any CPU = Release|Any CPU
	EndGlobalSection
	GlobalSection(SolutionProperties) = preSolution
		HideSolutionNode = FALSE
	EndGlobalSection
	GlobalSection(ProjectConfigurationPlatforms) = postSolution
		{FAF3ED6C-01D3-4255-BD04-11EB023CD75F}.Debug|Any CPU.ActiveCfg = Debug|Any CPU
		{FAF3ED6C-01D3-4255-BD04-11EB023CD75F}.Debug|Any CPU.Build.0 = Debug|Any CPU
		{FAF3ED6C-01D3-4255-BD04-11EB023CD75F}.Release|Any CPU.ActiveCfg = Release|Any CPU
		{FAF3ED6C-01D3-4255-BD04-11EB023CD75F}.Release|Any CPU.Build.0 = Release|Any CPU
		{542268FC-6EB5-47BB-82DA-A2CEB360D405}.Debug|Any CPU.ActiveCfg = Debug|Any CPU
		{542268FC-6EB5-47BB-82DA-A2CEB360D405}.Debug|Any CPU.Build.0 = Debug|Any CPU
		{542268FC-6EB5-47BB-82DA-A2CEB360D405}.Release|Any CPU.ActiveCfg = Release|Any CPU
		{542268FC-6EB5-47BB-82DA-A2CEB360D405}.Release|Any CPU.Build.0 = Release|Any CPU
	EndGlobalSection
EndGlobal
